
Microsoft Visual Studio Solution File, Format Version 12.00
# Visual Studio 15
Project("{FAE04EC0-301F-11D3-BF4B-00C04F79EFBC}") = "Assembly-CSharp", "Assembly-CSharp.csproj", "{9CF8369C-B6C3-7C93-AB16-B8F81789ADC6}"
EndProject
Project("{FAE04EC0-301F-11D3-BF4B-00C04F79EFBC}") = "CFXRRuntime", "CFXRRuntime.csproj", "{B032A9EA-C685-6F5D-F4B6-6605DE97BD15}"
EndProject
Project("{FAE04EC0-301F-11D3-BF4B-00C04F79EFBC}") = "CFXRDemo", "CFXRDemo.csproj", "{62BBE20F-882C-72D3-CBF8-144B2BDD7472}"
EndProject
Project("{FAE04EC0-301F-11D3-BF4B-00C04F79EFBC}") = "CFXREditor", "CFXREditor.csproj", "{A74217F5-9312-06DC-F6C5-C0561C48D76A}"
EndProject
Project("{FAE04EC0-301F-11D3-BF4B-00C04F79EFBC}") = "KinoBloom.Runtime", "KinoBloom.Runtime.csproj", "{C3B6056D-0E9E-B5AD-90D2-0FDCFBCEFFC5}"
EndProject
Project("{FAE04EC0-301F-11D3-BF4B-00C04F79EFBC}") = "CFXR.WelcomeScreen", "CFXR.WelcomeScreen.csproj", "{FFA604FB-B084-F36F-98A6-649350BE4F7B}"
EndProject
Project("{FAE04EC0-301F-11D3-BF4B-00C04F79EFBC}") = "ToonyColorsPro.Demo.Editor", "ToonyColorsPro.Demo.Editor.csproj", "{BA69F28D-C872-ADF3-5EDB-D7A5605ED428}"
EndProject
Global
	GlobalSection(SolutionConfigurationPlatforms) = preSolution
		Debug|Any CPU = Debug|Any CPU
		Release|Any CPU = Release|Any CPU
	EndGlobalSection
	GlobalSection(ProjectConfigurationPlatforms) = postSolution
		{9CF8369C-B6C3-7C93-AB16-B8F81789ADC6}.Debug|Any CPU.ActiveCfg = Debug|Any CPU
		{9CF8369C-B6C3-7C93-AB16-B8F81789ADC6}.Debug|Any CPU.Build.0 = Debug|Any CPU
		{9CF8369C-B6C3-7C93-AB16-B8F81789ADC6}.Release|Any CPU.ActiveCfg = Release|Any CPU
		{9CF8369C-B6C3-7C93-AB16-B8F81789ADC6}.Release|Any CPU.Build.0 = Release|Any CPU
		{B032A9EA-C685-6F5D-F4B6-6605DE97BD15}.Debug|Any CPU.ActiveCfg = Debug|Any CPU
		{B032A9EA-C685-6F5D-F4B6-6605DE97BD15}.Debug|Any CPU.Build.0 = Debug|Any CPU
		{B032A9EA-C685-6F5D-F4B6-6605DE97BD15}.Release|Any CPU.ActiveCfg = Release|Any CPU
		{B032A9EA-C685-6F5D-F4B6-6605DE97BD15}.Release|Any CPU.Build.0 = Release|Any CPU
		{62BBE20F-882C-72D3-CBF8-144B2BDD7472}.Debug|Any CPU.ActiveCfg = Debug|Any CPU
		{62BBE20F-882C-72D3-CBF8-144B2BDD7472}.Debug|Any CPU.Build.0 = Debug|Any CPU
		{62BBE20F-882C-72D3-CBF8-144B2BDD7472}.Release|Any CPU.ActiveCfg = Release|Any CPU
		{62BBE20F-882C-72D3-CBF8-144B2BDD7472}.Release|Any CPU.Build.0 = Release|Any CPU
		{A74217F5-9312-06DC-F6C5-C0561C48D76A}.Debug|Any CPU.ActiveCfg = Debug|Any CPU
		{A74217F5-9312-06DC-F6C5-C0561C48D76A}.Debug|Any CPU.Build.0 = Debug|Any CPU
		{A74217F5-9312-06DC-F6C5-C0561C48D76A}.Release|Any CPU.ActiveCfg = Release|Any CPU
		{A74217F5-9312-06DC-F6C5-C0561C48D76A}.Release|Any CPU.Build.0 = Release|Any CPU
		{C3B6056D-0E9E-B5AD-90D2-0FDCFBCEFFC5}.Debug|Any CPU.ActiveCfg = Debug|Any CPU
		{C3B6056D-0E9E-B5AD-90D2-0FDCFBCEFFC5}.Debug|Any CPU.Build.0 = Debug|Any CPU
		{C3B6056D-0E9E-B5AD-90D2-0FDCFBCEFFC5}.Release|Any CPU.ActiveCfg = Release|Any CPU
		{C3B6056D-0E9E-B5AD-90D2-0FDCFBCEFFC5}.Release|Any CPU.Build.0 = Release|Any CPU
		{FFA604FB-B084-F36F-98A6-649350BE4F7B}.Debug|Any CPU.ActiveCfg = Debug|Any CPU
		{FFA604FB-B084-F36F-98A6-649350BE4F7B}.Debug|Any CPU.Build.0 = Debug|Any CPU
		{FFA604FB-B084-F36F-98A6-649350BE4F7B}.Release|Any CPU.ActiveCfg = Release|Any CPU
		{FFA604FB-B084-F36F-98A6-649350BE4F7B}.Release|Any CPU.Build.0 = Release|Any CPU
		{BA69F28D-C872-ADF3-5EDB-D7A5605ED428}.Debug|Any CPU.ActiveCfg = Debug|Any CPU
		{BA69F28D-C872-ADF3-5EDB-D7A5605ED428}.Debug|Any CPU.Build.0 = Debug|Any CPU
		{BA69F28D-C872-ADF3-5EDB-D7A5605ED428}.Release|Any CPU.ActiveCfg = Release|Any CPU
		{BA69F28D-C872-ADF3-5EDB-D7A5605ED428}.Release|Any CPU.Build.0 = Release|Any CPU
	EndGlobalSection
	GlobalSection(SolutionProperties) = preSolution
		HideSolutionNode = FALSE
	EndGlobalSection
EndGlobal
